{
  "name": "index",
  "lockfileVersion": 3,
  "requires": true,
  "packages": {
    "": {
      "devDependencies": {
        "@txikijs/types": "^26.6.0"
      }
    },
    "node_modules/@txikijs/types": {
      "version": "26.6.0",
      "resolved": "https://registry.npmjs.org/@txikijs/types/-/types-26.6.0.tgz",
      "integrity": "sha512-Qcq5j7zBZH76XIaxJGye8FiU30MIynPwmW0V0Eyp747XE2LugzRXKkCQHs6T6plhE9t8mlTPukrOLZQkzgx9vA==",
      "dev": true
    }
  }
}
